
Microsoft Visual Studio Solution File, Format Version 12.00
# Visual Studio 2015
Project("{FAE04EC0-301F-11D3-BF4B-00C04F79EFBC}") = "Multi Touch Input.CSharp", "Multi Touch Input.CSharp.csproj", "{340115AF-98C4-B33E-A807-9D09397F8695}"
EndProject
Global
	GlobalSection(SolutionConfigurationPlatforms) = preSolution
		Debug|Any CPU = Debug|Any CPU
		Release|Any CPU = Release|Any CPU
	EndGlobalSection
	GlobalSection(ProjectConfigurationPlatforms) = postSolution
		{340115AF-98C4-B33E-A807-9D09397F8695}.Debug|Any CPU.ActiveCfg = Debug|Any CPU
		{340115AF-98C4-B33E-A807-9D09397F8695}.Debug|Any CPU.Build.0 = Debug|Any CPU
		{340115AF-98C4-B33E-A807-9D09397F8695}.Release|Any CPU.ActiveCfg = Release|Any CPU
		{340115AF-98C4-B33E-A807-9D09397F8695}.Release|Any CPU.Build.0 = Release|Any CPU
	EndGlobalSection
	GlobalSection(SolutionProperties) = preSolution
		HideSolutionNode = FALSE
	EndGlobalSection
EndGlobal
