
Microsoft Visual Studio Solution File, Format Version 12.00
# Visual Studio 2015
Project("{FAE04EC0-301F-11D3-BF4B-00C04F79EFBC}") = "Dragging Object with finger.CSharp", "Dragging Object with finger.CSharp.csproj", "{BE00AAC1-DD31-007F-5A43-9990E90482C6}"
EndProject
Global
	GlobalSection(SolutionConfigurationPlatforms) = preSolution
		Debug|Any CPU = Debug|Any CPU
		Release|Any CPU = Release|Any CPU
	EndGlobalSection
	GlobalSection(ProjectConfigurationPlatforms) = postSolution
		{BE00AAC1-DD31-007F-5A43-9990E90482C6}.Debug|Any CPU.ActiveCfg = Debug|Any CPU
		{BE00AAC1-DD31-007F-5A43-9990E90482C6}.Debug|Any CPU.Build.0 = Debug|Any CPU
		{BE00AAC1-DD31-007F-5A43-9990E90482C6}.Release|Any CPU.ActiveCfg = Release|Any CPU
		{BE00AAC1-DD31-007F-5A43-9990E90482C6}.Release|Any CPU.Build.0 = Release|Any CPU
	EndGlobalSection
	GlobalSection(SolutionProperties) = preSolution
		HideSolutionNode = FALSE
	EndGlobalSection
EndGlobal
